
Microsoft Visual Studio Solution File, Format Version 12.00
# Visual Studio Version 16
VisualStudioVersion = 16.0.31624.102
MinimumVisualStudioVersion = 10.0.40219.1
Project("{9A19103F-16F7-4668-BE54-9A1E7A4F7556}") = "DAL", "DAL\DAL.csproj", "{52BBB2C5-24F1-4BC5-BA71-73167AE7E8E2}"
EndProject
Project("{9A19103F-16F7-4668-BE54-9A1E7A4F7556}") = "WebApi", "WebApi\WebApi.csproj", "{7B5910DD-9174-4D24-8FDD-1C741CEB95DA}"
EndProject
Project("{FAE04EC0-301F-11D3-BF4B-00C04F79EFBC}") = "Domain", "Domain\Domain.csproj", "{A4B7A4E7-D6AC-4E1C-862F-4C4837C98AC8}"
EndProject
Project("{FAE04EC0-301F-11D3-BF4B-00C04F79EFBC}") = "MyWebApi", "WebApplication2\MyWebApi.csproj", "{E4E04AB7-CF94-4286-A9B2-73B51E1F15B1}"
EndProject
Global
	GlobalSection(SolutionConfigurationPlatforms) = preSolution
		Debug|Any CPU = Debug|Any CPU
		Release|Any CPU = Release|Any CPU
	EndGlobalSection
	GlobalSection(ProjectConfigurationPlatforms) = postSolution
		{52BBB2C5-24F1-4BC5-BA71-73167AE7E8E2}.Debug|Any CPU.ActiveCfg = Debug|Any CPU
		{52BBB2C5-24F1-4BC5-BA71-73167AE7E8E2}.Debug|Any CPU.Build.0 = Debug|Any CPU
		{52BBB2C5-24F1-4BC5-BA71-73167AE7E8E2}.Release|Any CPU.ActiveCfg = Release|Any CPU
		{52BBB2C5-24F1-4BC5-BA71-73167AE7E8E2}.Release|Any CPU.Build.0 = Release|Any CPU
		{7B5910DD-9174-4D24-8FDD-1C741CEB95DA}.Debug|Any CPU.ActiveCfg = Debug|Any CPU
		{7B5910DD-9174-4D24-8FDD-1C741CEB95DA}.Debug|Any CPU.Build.0 = Debug|Any CPU
		{7B5910DD-9174-4D24-8FDD-1C741CEB95DA}.Release|Any CPU.ActiveCfg = Release|Any CPU
		{7B5910DD-9174-4D24-8FDD-1C741CEB95DA}.Release|Any CPU.Build.0 = Release|Any CPU
		{A4B7A4E7-D6AC-4E1C-862F-4C4837C98AC8}.Debug|Any CPU.ActiveCfg = Debug|Any CPU
		{A4B7A4E7-D6AC-4E1C-862F-4C4837C98AC8}.Debug|Any CPU.Build.0 = Debug|Any CPU
		{A4B7A4E7-D6AC-4E1C-862F-4C4837C98AC8}.Release|Any CPU.ActiveCfg = Release|Any CPU
		{A4B7A4E7-D6AC-4E1C-862F-4C4837C98AC8}.Release|Any CPU.Build.0 = Release|Any CPU
		{E4E04AB7-CF94-4286-A9B2-73B51E1F15B1}.Debug|Any CPU.ActiveCfg = Debug|Any CPU
		{E4E04AB7-CF94-4286-A9B2-73B51E1F15B1}.Debug|Any CPU.Build.0 = Debug|Any CPU
		{E4E04AB7-CF94-4286-A9B2-73B51E1F15B1}.Release|Any CPU.ActiveCfg = Release|Any CPU
		{E4E04AB7-CF94-4286-A9B2-73B51E1F15B1}.Release|Any CPU.Build.0 = Release|Any CPU
	EndGlobalSection
	GlobalSection(SolutionProperties) = preSolution
		HideSolutionNode = FALSE
	EndGlobalSection
	GlobalSection(ExtensibilityGlobals) = postSolution
		SolutionGuid = {A72CE8BD-4E22-4EE2-889E-00330F3CAC49}
	EndGlobalSection
EndGlobal
